// !$*UTF8*$!
{
	archiveVersion = 1;
	classes = {
	};
	objectVersion = 50;
	objects = {

/* Begin PBXBuildFile section */
		F4003DAE2604D835006FA38F /* AppDelegate.swift in Sources */ = {isa = PBXBuildFile; fileRef = F4003DAD2604D835006FA38F /* AppDelegate.swift */; };
		F4003DB02604D835006FA38F /* SceneDelegate.swift in Sources */ = {isa = PBXBuildFile; fileRef = F4003DAF2604D835006FA38F /* SceneDelegate.swift */; };
		F4003DB22604D835006FA38F /* ViewController.swift in Sources */ = {isa = PBXBuildFile; fileRef = F4003DB12604D835006FA38F /* ViewController.swift */; };
		F4003DB52604D835006FA38F /* Main.storyboard in Resources */ = {isa = PBXBuildFile; fileRef = F4003DB32604D835006FA38F /* Main.storyboard */; };
		F4003DB72604D836006FA38F /* Assets.xcassets in Resources */ = {isa = PBXBuildFile; fileRef = F4003DB62604D836006FA38F /* Assets.xcassets */; };
		F4003DBA2604D836006FA38F /* LaunchScreen.storyboard in Resources */ = {isa = PBXBuildFile; fileRef = F4003DB82604D836006FA38F /* LaunchScreen.storyboard */; };
		F4003DC52604D836006FA38F /* BarChartAppTests.swift in Sources */ = {isa = PBXBuildFile; fileRef = F4003DC42604D836006FA38F /* BarChartAppTests.swift */; };
		F4003DD02604D836006FA38F /* BarChartAppUITests.swift in Sources */ = {isa = PBXBuildFile; fileRef = F4003DCF2604D836006FA38F /* BarChartAppUITests.swift */; };
		F4003DE12604D882006FA38F /* ChartView.swift in Sources */ = {isa = PBXBuildFile; fileRef = F4003DE02604D882006FA38F /* ChartView.swift */; };
		F4003DE62604D8A2006FA38F /* ChartViewModel.swift in Sources */ = {isa = PBXBuildFile; fileRef = F4003DE52604D8A2006FA38F /* ChartViewModel.swift */; };
/* End PBXBuildFile section */

/* Begin PBXContainerItemProxy section */
		F4003DC12604D836006FA38F /* PBXContainerItemProxy */ = {
			isa = PBXContainerItemProxy;
			containerPortal = F4003DA22604D834006FA38F /* Project object */;
			proxyType = 1;
			remoteGlobalIDString = F4003DA92604D834006FA38F;
			remoteInfo = BarChartApp;
		};
		F4003DCC2604D836006FA38F /* PBXContainerItemProxy */ = {
			isa = PBXContainerItemProxy;
			containerPortal = F4003DA22604D834006FA38F /* Project object */;
			proxyType = 1;
			remoteGlobalIDString = F4003DA92604D834006FA38F;
			remoteInfo = BarChartApp;
		};
/* End PBXContainerItemProxy section */

/* Begin PBXFileReference section */
		F4003DAA2604D835006FA38F /* BarChartApp.app */ = {isa = PBXFileReference; explicitFileType = wrapper.application; includeInIndex = 0; path = BarChartApp.app; sourceTree = BUILT_PRODUCTS_DIR; };
		F4003DAD2604D835006FA38F /* AppDelegate.swift */ = {isa = PBXFileReference; lastKnownFileType = sourcecode.swift; path = AppDelegate.swift; sourceTree = "<group>"; };
		F4003DAF2604D835006FA38F /* SceneDelegate.swift */ = {isa = PBXFileReference; lastKnownFileType = sourcecode.swift; path = SceneDelegate.swift; sourceTree = "<group>"; };
		F4003DB12604D835006FA38F /* ViewController.swift */ = {isa = PBXFileReference; lastKnownFileType = sourcecode.swift; path = ViewController.swift; sourceTree = "<group>"; };
		F4003DB42604D835006FA38F /* Base */ = {isa = PBXFileReference; lastKnownFileType = file.storyboard; name = Base; path = Base.lproj/Main.storyboard; sourceTree = "<group>"; };
		F4003DB62604D836006FA38F /* Assets.xcassets */ = {isa = PBXFileReference; lastKnownFileType = folder.assetcatalog; path = Assets.xcassets; sourceTree = "<group>"; };
		F4003DB92604D836006FA38F /* Base */ = {isa = PBXFileReference; lastKnownFileType = file.storyboard; name = Base; path = Base.lproj/LaunchScreen.storyboard; sourceTree = "<group>"; };
		F4003DBB2604D836006FA38F /* Info.plist */ = {isa = PBXFileReference; lastKnownFileType = text.plist.xml; path = Info.plist; sourceTree = "<group>"; };
		F4003DC02604D836006FA38F /* BarChartAppTests.xctest */ = {isa = PBXFileReference; explicitFileType = wrapper.cfbundle; includeInIndex = 0; path = BarChartAppTests.xctest; sourceTree = BUILT_PRODUCTS_DIR; };
		F4003DC42604D836006FA38F /* BarChartAppTests.swift */ = {isa = PBXFileReference; lastKnownFileType = sourcecode.swift; path = BarChartAppTests.swift; sourceTree = "<group>"; };
		F4003DC62604D836006FA38F /* Info.plist */ = {isa = PBXFileReference; lastKnownFileType = text.plist.xml; path = Info.plist; sourceTree = "<group>"; };
		F4003DCB2604D836006FA38F /* BarChartAppUITests.xctest */ = {isa = PBXFileReference; explicitFileType = wrapper.cfbundle; includeInIndex = 0; path = BarChartAppUITests.xctest; sourceTree = BUILT_PRODUCTS_DIR; };
		F4003DCF2604D836006FA38F /* BarChartAppUITests.swift */ = {isa = PBXFileReference; lastKnownFileType = sourcecode.swift; path = BarChartAppUITests.swift; sourceTree = "<group>"; };
		F4003DD12604D836006FA38F /* Info.plist */ = {isa = PBXFileReference; lastKnownFileType = text.plist.xml; path = Info.plist; sourceTree = "<group>"; };
		F4003DE02604D882006FA38F /* ChartView.swift */ = {isa = PBXFileReference; lastKnownFileType = sourcecode.swift; path = ChartView.swift; sourceTree = "<group>"; };
		F4003DE52604D8A2006FA38F /* ChartViewModel.swift */ = {isa = PBXFileReference; lastKnownFileType = sourcecode.swift; path = ChartViewModel.swift; sourceTree = "<group>"; };
/* End PBXFileReference section */

/* Begin PBXFrameworksBuildPhase section */
		F4003DA72604D834006FA38F /* Frameworks */ = {
			isa = PBXFrameworksBuildPhase;
			buildActionMask = 2147483647;
			files = (
			);
			runOnlyForDeploymentPostprocessing = 0;
		};
		F4003DBD2604D836006FA38F /* Frameworks */ = {
			isa = PBXFrameworksBuildPhase;
			buildActionMask = 2147483647;
			files = (
			);
			runOnlyForDeploymentPostprocessing = 0;
		};
		F4003DC82604D836006FA38F /* Frameworks */ = {
			isa = PBXFrameworksBuildPhase;
			buildActionMask = 2147483647;
			files = (
			);
			runOnlyForDeploymentPostprocessing = 0;
		};
/* End PBXFrameworksBuildPhase section */

/* Begin PBXGroup section */
		F4003DA12604D834006FA38F = {
			isa = PBXGroup;
			children = (
				F4003DAC2604D835006FA38F /* BarChartApp */,
				F4003DC32604D836006FA38F /* BarChartAppTests */,
				F4003DCE2604D836006FA38F /* BarChartAppUITests */,
				F4003DAB2604D835006FA38F /* Products */,
			);
			sourceTree = "<group>";
		};
		F4003DAB2604D835006FA38F /* Products */ = {
			isa = PBXGroup;
			children = (
				F4003DAA2604D835006FA38F /* BarChartApp.app */,
				F4003DC02604D836006FA38F /* BarChartAppTests.xctest */,
				F4003DCB2604D836006FA38F /* BarChartAppUITests.xctest */,
			);
			name = Products;
			sourceTree = "<group>";
		};
		F4003DAC2604D835006FA38F /* BarChartApp */ = {
			isa = PBXGroup;
			children = (
				F4003DAD2604D835006FA38F /* AppDelegate.swift */,
				F4003DAF2604D835006FA38F /* SceneDelegate.swift */,
				F4003DB12604D835006FA38F /* ViewController.swift */,
				F4003DB32604D835006FA38F /* Main.storyboard */,
				F4003DB62604D836006FA38F /* Assets.xcassets */,
				F4003DB82604D836006FA38F /* LaunchScreen.storyboard */,
				F4003DBB2604D836006FA38F /* Info.plist */,
				F4003DE02604D882006FA38F /* ChartView.swift */,
				F4003DE52604D8A2006FA38F /* ChartViewModel.swift */,
			);
			path = BarChartApp;
			sourceTree = "<group>";
		};
		F4003DC32604D836006FA38F /* BarChartAppTests */ = {
			isa = PBXGroup;
			children = (
				F4003DC42604D836006FA38F /* BarChartAppTests.swift */,
				F4003DC62604D836006FA38F /* Info.plist */,
			);
			path = BarChartAppTests;
			sourceTree = "<group>";
		};
		F4003DCE2604D836006FA38F /* BarChartAppUITests */ = {
			isa = PBXGroup;
			children = (
				F4003DCF2604D836006FA38F /* BarChartAppUITests.swift */,
				F4003DD12604D836006FA38F /* Info.plist */,
			);
			path = BarChartAppUITests;
			sourceTree = "<group>";
		};
/* End PBXGroup section */

/* Begin PBXNativeTarget section */
		F4003DA92604D834006FA38F /* BarChartApp */ = {
			isa = PBXNativeTarget;
			buildConfigurationList = F4003DD42604D836006FA38F /* Build configuration list for PBXNativeTarget "BarChartApp" */;
			buildPhases = (
				F4003DA62604D834006FA38F /* Sources */,
				F4003DA72604D834006FA38F /* Frameworks */,
				F4003DA82604D834006FA38F /* Resources */,
			);
			buildRules = (
			);
			dependencies = (
			);
			name = BarChartApp;
			productName = BarChartApp;
			productReference = F4003DAA2604D835006FA38F /* BarChartApp.app */;
			productType = "com.apple.product-type.application";
		};
		F4003DBF2604D836006FA38F /* BarChartAppTests */ = {
			isa = PBXNativeTarget;
			buildConfigurationList = F4003DD72604D836006FA38F /* Build configuration list for PBXNativeTarget "BarChartAppTests" */;
			buildPhases = (
				F4003DBC2604D836006FA38F /* Sources */,
				F4003DBD2604D836006FA38F /* Frameworks */,
				F4003DBE2604D836006FA38F /* Resources */,
			);
			buildRules = (
			);
			dependencies = (
				F4003DC22604D836006FA38F /* PBXTargetDependency */,
			);
			name = BarChartAppTests;
			productName = BarChartAppTests;
			productReference = F4003DC02604D836006FA38F /* BarChartAppTests.xctest */;
			productType = "com.apple.product-type.bundle.unit-test";
		};
		F4003DCA2604D836006FA38F /* BarChartAppUITests */ = {
			isa = PBXNativeTarget;
			buildConfigurationList = F4003DDA2604D836006FA38F /* Build configuration list for PBXNativeTarget "BarChartAppUITests" */;
			buildPhases = (
				F4003DC72604D836006FA38F /* Sources */,
				F4003DC82604D836006FA38F /* Frameworks */,
				F4003DC92604D836006FA38F /* Resources */,
			);
			buildRules = (
			);
			dependencies = (
				F4003DCD2604D836006FA38F /* PBXTargetDependency */,
			);
			name = BarChartAppUITests;
			productName = BarChartAppUITests;
			productReference = F4003DCB2604D836006FA38F /* BarChartAppUITests.xctest */;
			productType = "com.apple.product-type.bundle.ui-testing";
		};
/* End PBXNativeTarget section */

/* Begin PBXProject section */
		F4003DA22604D834006FA38F /* Project object */ = {
			isa = PBXProject;
			attributes = {
				LastSwiftUpdateCheck = 1230;
				LastUpgradeCheck = 1230;
				TargetAttributes = {
					F4003DA92604D834006FA38F = {
						CreatedOnToolsVersion = 12.3;
					};
					F4003DBF2604D836006FA38F = {
						CreatedOnToolsVersion = 12.3;
						TestTargetID = F4003DA92604D834006FA38F;
					};
					F4003DCA2604D836006FA38F = {
						CreatedOnToolsVersion = 12.3;
						TestTargetID = F4003DA92604D834006FA38F;
					};
				};
			};
			buildConfigurationList = F4003DA52604D834006FA38F /* Build configuration list for PBXProject "BarChartApp" */;
			compatibilityVersion = "Xcode 9.3";
			developmentRegion = en;
			hasScannedForEncodings = 0;
			knownRegions = (
				en,
				Base,
			);
			mainGroup = F4003DA12604D834006FA38F;
			productRefGroup = F4003DAB2604D835006FA38F /* Products */;
			projectDirPath = "";
			projectRoot = "";
			targets = (
				F4003DA92604D834006FA38F /* BarChartApp */,
				F4003DBF2604D836006FA38F /* BarChartAppTests */,
				F4003DCA2604D836006FA38F /* BarChartAppUITests */,
			);
		};
/* End PBXProject section */

/* Begin PBXResourcesBuildPhase section */
		F4003DA82604D834006FA38F /* Resources */ = {
			isa = PBXResourcesBuildPhase;
			buildActionMask = 2147483647;
			files = (
				F4003DBA2604D836006FA38F /* LaunchScreen.storyboard in Resources */,
				F4003DB72604D836006FA38F /* Assets.xcassets in Resources */,
				F4003DB52604D835006FA38F /* Main.storyboard in Resources */,
			);
			runOnlyForDeploymentPostprocessing = 0;
		};
		F4003DBE2604D836006FA38F /* Resources */ = {
			isa = PBXResourcesBuildPhase;
			buildActionMask = 2147483647;
			files = (
			);
			runOnlyForDeploymentPostprocessing = 0;
		};
		F4003DC92604D836006FA38F /* Resources */ = {
			isa = PBXResourcesBuildPhase;
			buildActionMask = 2147483647;
			files = (
			);
			runOnlyForDeploymentPostprocessing = 0;
		};
/* End PBXResourcesBuildPhase section */

/* Begin PBXSourcesBuildPhase section */
		F4003DA62604D834006FA38F /* Sources */ = {
			isa = PBXSourcesBuildPhase;
			buildActionMask = 2147483647;
			files = (
				F4003DE62604D8A2006FA38F /* ChartViewModel.swift in Sources */,
				F4003DB22604D835006FA38F /* ViewController.swift in Sources */,
				F4003DAE2604D835006FA38F /* AppDelegate.swift in Sources */,
				F4003DB02604D835006FA38F /* SceneDelegate.swift in Sources */,
				F4003DE12604D882006FA38F /* ChartView.swift in Sources */,
			);
			runOnlyForDeploymentPostprocessing = 0;
		};
		F4003DBC2604D836006FA38F /* Sources */ = {
			isa = PBXSourcesBuildPhase;
			buildActionMask = 2147483647;
			files = (
				F4003DC52604D836006FA38F /* BarChartAppTests.swift in Sources */,
			);
			runOnlyForDeploymentPostprocessing = 0;
		};
		F4003DC72604D836006FA38F /* Sources */ = {
			isa = PBXSourcesBuildPhase;
			buildActionMask = 2147483647;
			files = (
				F4003DD02604D836006FA38F /* BarChartAppUITests.swift in Sources */,
			);
			runOnlyForDeploymentPostprocessing = 0;
		};
/* End PBXSourcesBuildPhase section */

/* Begin PBXTargetDependency section */
		F4003DC22604D836006FA38F /* PBXTargetDependency */ = {
			isa = PBXTargetDependency;
			target = F4003DA92604D834006FA38F /* BarChartApp */;
			targetProxy = F4003DC12604D836006FA38F /* PBXContainerItemProxy */;
		};
		F4003DCD2604D836006FA38F /* PBXTargetDependency */ = {
			isa = PBXTargetDependency;
			target = F4003DA92604D834006FA38F /* BarChartApp */;
			targetProxy = F4003DCC2604D836006FA38F /* PBXContainerItemProxy */;
		};
/* End PBXTargetDependency section */

/* Begin PBXVariantGroup section */
		F4003DB32604D835006FA38F /* Main.storyboard */ = {
			isa = PBXVariantGroup;
			children = (
				F4003DB42604D835006FA38F /* Base */,
			);
			name = Main.storyboard;
			sourceTree = "<group>";
		};
		F4003DB82604D836006FA38F /* LaunchScreen.storyboard */ = {
			isa = PBXVariantGroup;
			children = (
				F4003DB92604D836006FA38F /* Base */,
			);
			name = LaunchScreen.storyboard;
			sourceTree = "<group>";
		};
/* End PBXVariantGroup section */

/* Begin XCBuildConfiguration section */
		F4003DD22604D836006FA38F /* Debug */ = {
			isa = XCBuildConfiguration;
			buildSettings = {
				ALWAYS_SEARCH_USER_PATHS = NO;
				CLANG_ANALYZER_NONNULL = YES;
				CLANG_ANALYZER_NUMBER_OBJECT_CONVERSION = YES_AGGRESSIVE;
				CLANG_CXX_LANGUAGE_STANDARD = "gnu++14";
				CLANG_CXX_LIBRARY = "libc++";
				CLANG_ENABLE_MODULES = YES;
				CLANG_ENABLE_OBJC_ARC = YES;
				CLANG_ENABLE_OBJC_WEAK = YES;
				CLANG_WARN_BLOCK_CAPTURE_AUTORELEASING = YES;
				CLANG_WARN_BOOL_CONVERSION = YES;
				CLANG_WARN_COMMA = YES;
				CLANG_WARN_CONSTANT_CONVERSION = YES;
				CLANG_WARN_DEPRECATED_OBJC_IMPLEMENTATIONS = YES;
				CLANG_WARN_DIRECT_OBJC_ISA_USAGE = YES_ERROR;
				CLANG_WARN_DOCUMENTATION_COMMENTS = YES;
				CLANG_WARN_EMPTY_BODY = YES;
				CLANG_WARN_ENUM_CONVERSION = YES;
				CLANG_WARN_INFINITE_RECURSION = YES;
				CLANG_WARN_INT_CONVERSION = YES;
				CLANG_WARN_NON_LITERAL_NULL_CONVERSION = YES;
				CLANG_WARN_OBJC_IMPLICIT_RETAIN_SELF = YES;
				CLANG_WARN_OBJC_LITERAL_CONVERSION = YES;
				CLANG_WARN_OBJC_ROOT_CLASS = YES_ERROR;
				CLANG_WARN_QUOTED_INCLUDE_IN_FRAMEWORK_HEADER = YES;
				CLANG_WARN_RANGE_LOOP_ANALYSIS = YES;
				CLANG_WARN_STRICT_PROTOTYPES = YES;
				CLANG_WARN_SUSPICIOUS_MOVE = YES;
				CLANG_WARN_UNGUARDED_AVAILABILITY = YES_AGGRESSIVE;
				CLANG_WARN_UNREACHABLE_CODE = YES;
				CLANG_WARN__DUPLICATE_METHOD_MATCH = YES;
				COPY_PHASE_STRIP = NO;
				DEBUG_INFORMATION_FORMAT = dwarf;
				ENABLE_STRICT_OBJC_MSGSEND = YES;
				ENABLE_TESTABILITY = YES;
				GCC_C_LANGUAGE_STANDARD = gnu11;
				GCC_DYNAMIC_NO_PIC = NO;
				GCC_NO_COMMON_BLOCKS = YES;
				GCC_OPTIMIZATION_LEVEL = 0;
				GCC_PREPROCESSOR_DEFINITIONS = (
					"DEBUG=1",
					"$(inherited)",
				);
				GCC_WARN_64_TO_32_BIT_CONVERSION = YES;
				GCC_WARN_ABOUT_RETURN_TYPE = YES_ERROR;
				GCC_WARN_UNDECLARED_SELECTOR = YES;
				GCC_WARN_UNINITIALIZED_AUTOS = YES_AGGRESSIVE;
				GCC_WARN_UNUSED_FUNCTION = YES;
				GCC_WARN_UNUSED_VARIABLE = YES;
				IPHONEOS_DEPLOYMENT_TARGET = 14.3;
				MTL_ENABLE_DEBUG_INFO = INCLUDE_SOURCE;
				MTL_FAST_MATH = YES;
				ONLY_ACTIVE_ARCH = YES;
				SDKROOT = iphoneos;
				SWIFT_ACTIVE_COMPILATION_CONDITIONS = DEBUG;
				SWIFT_OPTIMIZATION_LEVEL = "-Onone";
			};
			name = Debug;
		};
		F4003DD32604D836006FA38F /* Release */ = {
			isa = XCBuildConfiguration;
			buildSettings = {
				ALWAYS_SEARCH_USER_PATHS = NO;
				CLANG_ANALYZER_NONNULL = YES;
				CLANG_ANALYZER_NUMBER_OBJECT_CONVERSION = YES_AGGRESSIVE;
				CLANG_CXX_LANGUAGE_STANDARD = "gnu++14";
				CLANG_CXX_LIBRARY = "libc++";
				CLANG_ENABLE_MODULES = YES;
				CLANG_ENABLE_OBJC_ARC = YES;
				CLANG_ENABLE_OBJC_WEAK = YES;
				CLANG_WARN_BLOCK_CAPTURE_AUTORELEASING = YES;
				CLANG_WARN_BOOL_CONVERSION = YES;
				CLANG_WARN_COMMA = YES;
				CLANG_WARN_CONSTANT_CONVERSION = YES;
				CLANG_WARN_DEPRECATED_OBJC_IMPLEMENTATIONS = YES;
				CLANG_WARN_DIRECT_OBJC_ISA_USAGE = YES_ERROR;
				CLANG_WARN_DOCUMENTATION_COMMENTS = YES;
				CLANG_WARN_EMPTY_BODY = YES;
				CLANG_WARN_ENUM_CONVERSION = YES;
				CLANG_WARN_INFINITE_RECURSION = YES;
				CLANG_WARN_INT_CONVERSION = YES;
				CLANG_WARN_NON_LITERAL_NULL_CONVERSION = YES;
				CLANG_WARN_OBJC_IMPLICIT_RETAIN_SELF = YES;
				CLANG_WARN_OBJC_LITERAL_CONVERSION = YES;
				CLANG_WARN_OBJC_ROOT_CLASS = YES_ERROR;
				CLANG_WARN_QUOTED_INCLUDE_IN_FRAMEWORK_HEADER = YES;
				CLANG_WARN_RANGE_LOOP_ANALYSIS = YES;
				CLANG_WARN_STRICT_PROTOTYPES = YES;
				CLANG_WARN_SUSPICIOUS_MOVE = YES;
				CLANG_WARN_UNGUARDED_AVAILABILITY = YES_AGGRESSIVE;
				CLANG_WARN_UNREACHABLE_CODE = YES;
				CLANG_WARN__DUPLICATE_METHOD_MATCH = YES;
				COPY_PHASE_STRIP = NO;
				DEBUG_INFORMATION_FORMAT = "dwarf-with-dsym";
				ENABLE_NS_ASSERTIONS = NO;
				ENABLE_STRICT_OBJC_MSGSEND = YES;
				GCC_C_LANGUAGE_STANDARD = gnu11;
				GCC_NO_COMMON_BLOCKS = YES;
				GCC_WARN_64_TO_32_BIT_CONVERSION = YES;
				GCC_WARN_ABOUT_RETURN_TYPE = YES_ERROR;
				GCC_WARN_UNDECLARED_SELECTOR = YES;
				GCC_WARN_UNINITIALIZED_AUTOS = YES_AGGRESSIVE;
				GCC_WARN_UNUSED_FUNCTION = YES;
				GCC_WARN_UNUSED_VARIABLE = YES;
				IPHONEOS_DEPLOYMENT_TARGET = 14.3;
				MTL_ENABLE_DEBUG_INFO = NO;
				MTL_FAST_MATH = YES;
				SDKROOT = iphoneos;
				SWIFT_COMPILATION_MODE = wholemodule;
				SWIFT_OPTIMIZATION_LEVEL = "-O";
				VALIDATE_PRODUCT = YES;
			};
			name = Release;
		};
		F4003DD52604D836006FA38F /* Debug */ = {
			isa = XCBuildConfiguration;
			buildSettings = {
				ASSETCATALOG_COMPILER_APPICON_NAME = AppIcon;
				ASSETCATALOG_COMPILER_GLOBAL_ACCENT_COLOR_NAME = AccentColor;
				CODE_SIGN_STYLE = Automatic;
				DEVELOPMENT_TEAM = 9P94BC28FM;
				INFOPLIST_FILE = BarChartApp/Info.plist;
				LD_RUNPATH_SEARCH_PATHS = (
					"$(inherited)",
					"@executable_path/Frameworks",
				);
				PRODUCT_BUNDLE_IDENTIFIER = com.oscarodon.BarChartApp;
				PRODUCT_NAME = "$(TARGET_NAME)";
				SWIFT_VERSION = 5.0;
				TARGETED_DEVICE_FAMILY = "1,2";
			};
			name = Debug;
		};
		F4003DD62604D836006FA38F /* Release */ = {
			isa = XCBuildConfiguration;
			buildSettings = {
				ASSETCATALOG_COMPILER_APPICON_NAME = AppIcon;
				ASSETCATALOG_COMPILER_GLOBAL_ACCENT_COLOR_NAME = AccentColor;
				CODE_SIGN_STYLE = Automatic;
				DEVELOPMENT_TEAM = 9P94BC28FM;
				INFOPLIST_FILE = BarChartApp/Info.plist;
				LD_RUNPATH_SEARCH_PATHS = (
					"$(inherited)",
					"@executable_path/Frameworks",
				);
				PRODUCT_BUNDLE_IDENTIFIER = com.oscarodon.BarChartApp;
				PRODUCT_NAME = "$(TARGET_NAME)";
				SWIFT_VERSION = 5.0;
				TARGETED_DEVICE_FAMILY = "1,2";
			};
			name = Release;
		};
		F4003DD82604D836006FA38F /* Debug */ = {
			isa = XCBuildConfiguration;
			buildSettings = {
				ALWAYS_EMBED_SWIFT_STANDARD_LIBRARIES = YES;
				BUNDLE_LOADER = "$(TEST_HOST)";
				CODE_SIGN_STYLE = Automatic;
				DEVELOPMENT_TEAM = 9P94BC28FM;
				INFOPLIST_FILE = BarChartAppTests/Info.plist;
				IPHONEOS_DEPLOYMENT_TARGET = 14.3;
				LD_RUNPATH_SEARCH_PATHS = (
					"$(inherited)",
					"@executable_path/Frameworks",
					"@loader_path/Frameworks",
				);
				PRODUCT_BUNDLE_IDENTIFIER = com.oscarodon.BarChartAppTests;
				PRODUCT_NAME = "$(TARGET_NAME)";
				SWIFT_VERSION = 5.0;
				TARGETED_DEVICE_FAMILY = "1,2";
				TEST_HOST = "$(BUILT_PRODUCTS_DIR)/BarChartApp.app/BarChartApp";
			};
			name = Debug;
		};
		F4003DD92604D836006FA38F /* Release */ = {
			isa = XCBuildConfiguration;
			buildSettings = {
				ALWAYS_EMBED_SWIFT_STANDARD_LIBRARIES = YES;
				BUNDLE_LOADER = "$(TEST_HOST)";
				CODE_SIGN_STYLE = Automatic;
				DEVELOPMENT_TEAM = 9P94BC28FM;
				INFOPLIST_FILE = BarChartAppTests/Info.plist;
				IPHONEOS_DEPLOYMENT_TARGET = 14.3;
				LD_RUNPATH_SEARCH_PATHS = (
					"$(inherited)",
					"@executable_path/Frameworks",
					"@loader_path/Frameworks",
				);
				PRODUCT_BUNDLE_IDENTIFIER = com.oscarodon.BarChartAppTests;
				PRODUCT_NAME = "$(TARGET_NAME)";
				SWIFT_VERSION = 5.0;
				TARGETED_DEVICE_FAMILY = "1,2";
				TEST_HOST = "$(BUILT_PRODUCTS_DIR)/BarChartApp.app/BarChartApp";
			};
			name = Release;
		};
		F4003DDB2604D836006FA38F /* Debug */ = {
			isa = XCBuildConfiguration;
			buildSettings = {
				ALWAYS_EMBED_SWIFT_STANDARD_LIBRARIES = YES;
				CODE_SIGN_STYLE = Automatic;
				DEVELOPMENT_TEAM = 9P94BC28FM;
				INFOPLIST_FILE = BarChartAppUITests/Info.plist;
				LD_RUNPATH_SEARCH_PATHS = (
					"$(inherited)",
					"@executable_path/Frameworks",
					"@loader_path/Frameworks",
				);
				PRODUCT_BUNDLE_IDENTIFIER = com.oscarodon.BarChartAppUITests;
				PRODUCT_NAME = "$(TARGET_NAME)";
				SWIFT_VERSION = 5.0;
				TARGETED_DEVICE_FAMILY = "1,2";
				TEST_TARGET_NAME = BarChartApp;
			};
			name = Debug;
		};
		F4003DDC2604D836006FA38F /* Release */ = {
			isa = XCBuildConfiguration;
			buildSettings = {
				ALWAYS_EMBED_SWIFT_STANDARD_LIBRARIES = YES;
				CODE_SIGN_STYLE = Automatic;
				DEVELOPMENT_TEAM = 9P94BC28FM;
				INFOPLIST_FILE = BarChartAppUITests/Info.plist;
				LD_RUNPATH_SEARCH_PATHS = (
					"$(inherited)",
					"@executable_path/Frameworks",
					"@loader_path/Frameworks",
				);
				PRODUCT_BUNDLE_IDENTIFIER = com.oscarodon.BarChartAppUITests;
				PRODUCT_NAME = "$(TARGET_NAME)";
				SWIFT_VERSION = 5.0;
				TARGETED_DEVICE_FAMILY = "1,2";
				TEST_TARGET_NAME = BarChartApp;
			};
			name = Release;
		};
/* End XCBuildConfiguration section */

/* Begin XCConfigurationList section */
		F4003DA52604D834006FA38F /* Build configuration list for PBXProject "BarChartApp" */ = {
			isa = XCConfigurationList;
			buildConfigurations = (
				F4003DD22604D836006FA38F /* Debug */,
				F4003DD32604D836006FA38F /* Release */,
			);
			defaultConfigurationIsVisible = 0;
			defaultConfigurationName = Release;
		};
		F4003DD42604D836006FA38F /* Build configuration list for PBXNativeTarget "BarChartApp" */ = {
			isa = XCConfigurationList;
			buildConfigurations = (
				F4003DD52604D836006FA38F /* Debug */,
				F4003DD62604D836006FA38F /* Release */,
			);
			defaultConfigurationIsVisible = 0;
			defaultConfigurationName = Release;
		};
		F4003DD72604D836006FA38F /* Build configuration list for PBXNativeTarget "BarChartAppTests" */ = {
			isa = XCConfigurationList;
			buildConfigurations = (
				F4003DD82604D836006FA38F /* Debug */,
				F4003DD92604D836006FA38F /* Release */,
			);
			defaultConfigurationIsVisible = 0;
			defaultConfigurationName = Release;
		};
		F4003DDA2604D836006FA38F /* Build configuration list for PBXNativeTarget "BarChartAppUITests" */ = {
			isa = XCConfigurationList;
			buildConfigurations = (
				F4003DDB2604D836006FA38F /* Debug */,
				F4003DDC2604D836006FA38F /* Release */,
			);
			defaultConfigurationIsVisible = 0;
			defaultConfigurationName = Release;
		};
/* End XCConfigurationList section */
	};
	rootObject = F4003DA22604D834006FA38F /* Project object */;
}
